
Microsoft Visual Studio Solution File, Format Version 12.00
# Visual Studio Version 16
VisualStudioVersion = 16.0.30611.23
MinimumVisualStudioVersion = 10.0.40219.1
Project("{FAE04EC0-301F-11D3-BF4B-00C04F79EFBC}") = "Sugarbaker", "Sugarbaker.csproj", "{7C91A738-5915-4372-BD1E-3E0AC839BBA0}"
EndProject
Global
	GlobalSection(SolutionConfigurationPlatforms) = preSolution
		Debug|Any CPU = Debug|Any CPU
		Release|Any CPU = Release|Any CPU
	EndGlobalSection
	GlobalSection(ProjectConfigurationPlatforms) = postSolution
		{7C91A738-5915-4372-BD1E-3E0AC839BBA0}.Debug|Any CPU.ActiveCfg = Debug|Any CPU
		{7C91A738-5915-4372-BD1E-3E0AC839BBA0}.Debug|Any CPU.Build.0 = Debug|Any CPU
		{7C91A738-5915-4372-BD1E-3E0AC839BBA0}.Release|Any CPU.ActiveCfg = Release|Any CPU
		{7C91A738-5915-4372-BD1E-3E0AC839BBA0}.Release|Any CPU.Build.0 = Release|Any CPU
	EndGlobalSection
	GlobalSection(SolutionProperties) = preSolution
		HideSolutionNode = FALSE
	EndGlobalSection
	GlobalSection(ExtensibilityGlobals) = postSolution
		SolutionGuid = {3A6A1470-A7A2-4099-950D-B83CB56C0B7B}
	EndGlobalSection
EndGlobal
